
Microsoft Visual Studio Solution File, Format Version 12.00
Project("{FAE04EC0-301F-11D3-BF4B-00C04F79EFBC}") = "DeveloperCourse.FirstLesson", "DeveloperCourse.FirstLesson\DeveloperCourse.FirstLesson.csproj", "{510939D6-1F7D-491A-8D73-7F50AC49C881}"
EndProject
Project("{FAE04EC0-301F-11D3-BF4B-00C04F79EFBC}") = "DeveloperCourse.SecondLesson.Image.Service", "DeveloperCourse.SecondLesson.Image.Service\DeveloperCourse.SecondLesson.Image.Service.csproj", "{A0522661-CBC7-417F-8B99-CE4C5326B239}"
EndProject
Project("{FAE04EC0-301F-11D3-BF4B-00C04F79EFBC}") = "DeveloperCourse.SecondLesson.Price.Service", "DeveloperCourse.SecondLesson.Price.Service\DeveloperCourse.SecondLesson.Price.Service.csproj", "{409F8185-C61C-47A1-9C41-E762870AC532}"
EndProject
Project("{FAE04EC0-301F-11D3-BF4B-00C04F79EFBC}") = "DeveloperCourse.SecondLesson.Product.Service", "DeveloperCourse.SecondLesson.Product.Service\DeveloperCourse.SecondLesson.Product.Service.csproj", "{92CAFE51-63C5-4517-8A4D-9A127435253F}"
EndProject
Project("{FAE04EC0-301F-11D3-BF4B-00C04F79EFBC}") = "DeveloperCourse.SecondLesson.Web", "DeveloperCourse.SecondLesson.Web\DeveloperCourse.SecondLesson.Web.csproj", "{CB851AE8-D34C-4C12-A758-D30EDFB82F3B}"
EndProject
Project("{FAE04EC0-301F-11D3-BF4B-00C04F79EFBC}") = "DeveloperCourse.SecondLesson.Shared", "DeveloperCourse.SecondLesson.Shared\DeveloperCourse.SecondLesson.Shared.csproj", "{4B14125E-B702-4E22-9E4F-32096D5C10AF}"
EndProject
Global
	GlobalSection(SolutionConfigurationPlatforms) = preSolution
		Debug|Any CPU = Debug|Any CPU
		Release|Any CPU = Release|Any CPU
	EndGlobalSection
	GlobalSection(ProjectConfigurationPlatforms) = postSolution
		{510939D6-1F7D-491A-8D73-7F50AC49C881}.Debug|Any CPU.ActiveCfg = Debug|Any CPU
		{510939D6-1F7D-491A-8D73-7F50AC49C881}.Debug|Any CPU.Build.0 = Debug|Any CPU
		{510939D6-1F7D-491A-8D73-7F50AC49C881}.Release|Any CPU.ActiveCfg = Release|Any CPU
		{510939D6-1F7D-491A-8D73-7F50AC49C881}.Release|Any CPU.Build.0 = Release|Any CPU
		{A0522661-CBC7-417F-8B99-CE4C5326B239}.Debug|Any CPU.ActiveCfg = Debug|Any CPU
		{A0522661-CBC7-417F-8B99-CE4C5326B239}.Debug|Any CPU.Build.0 = Debug|Any CPU
		{A0522661-CBC7-417F-8B99-CE4C5326B239}.Release|Any CPU.ActiveCfg = Release|Any CPU
		{A0522661-CBC7-417F-8B99-CE4C5326B239}.Release|Any CPU.Build.0 = Release|Any CPU
		{409F8185-C61C-47A1-9C41-E762870AC532}.Debug|Any CPU.ActiveCfg = Debug|Any CPU
		{409F8185-C61C-47A1-9C41-E762870AC532}.Debug|Any CPU.Build.0 = Debug|Any CPU
		{409F8185-C61C-47A1-9C41-E762870AC532}.Release|Any CPU.ActiveCfg = Release|Any CPU
		{409F8185-C61C-47A1-9C41-E762870AC532}.Release|Any CPU.Build.0 = Release|Any CPU
		{92CAFE51-63C5-4517-8A4D-9A127435253F}.Debug|Any CPU.ActiveCfg = Debug|Any CPU
		{92CAFE51-63C5-4517-8A4D-9A127435253F}.Debug|Any CPU.Build.0 = Debug|Any CPU
		{92CAFE51-63C5-4517-8A4D-9A127435253F}.Release|Any CPU.ActiveCfg = Release|Any CPU
		{92CAFE51-63C5-4517-8A4D-9A127435253F}.Release|Any CPU.Build.0 = Release|Any CPU
		{CB851AE8-D34C-4C12-A758-D30EDFB82F3B}.Debug|Any CPU.ActiveCfg = Debug|Any CPU
		{CB851AE8-D34C-4C12-A758-D30EDFB82F3B}.Debug|Any CPU.Build.0 = Debug|Any CPU
		{CB851AE8-D34C-4C12-A758-D30EDFB82F3B}.Release|Any CPU.ActiveCfg = Release|Any CPU
		{CB851AE8-D34C-4C12-A758-D30EDFB82F3B}.Release|Any CPU.Build.0 = Release|Any CPU
		{4B14125E-B702-4E22-9E4F-32096D5C10AF}.Debug|Any CPU.ActiveCfg = Debug|Any CPU
		{4B14125E-B702-4E22-9E4F-32096D5C10AF}.Debug|Any CPU.Build.0 = Debug|Any CPU
		{4B14125E-B702-4E22-9E4F-32096D5C10AF}.Release|Any CPU.ActiveCfg = Release|Any CPU
		{4B14125E-B702-4E22-9E4F-32096D5C10AF}.Release|Any CPU.Build.0 = Release|Any CPU
	EndGlobalSection
EndGlobal
